
Microsoft Visual Studio Solution File, Format Version 12.00
# Visual Studio 2012
Project("{FAE04EC0-301F-11D3-BF4B-00C04F79EFBC}") = "WebProjectJFAD", "WebProjectJFAD\WebProjectJFAD.csproj", "{54C1CB66-7480-4857-8CDA-4FDA8FADCF48}"
EndProject
Project("{2150E333-8FDC-42A3-9474-1A3956D46DE8}") = ".nuget", ".nuget", "{BBBCFF2A-D7B3-425E-9007-D39DDF501B01}"
	ProjectSection(SolutionItems) = preProject
		.nuget\NuGet.Config = .nuget\NuGet.Config
		.nuget\NuGet.exe = .nuget\NuGet.exe
		.nuget\NuGet.targets = .nuget\NuGet.targets
	EndProjectSection
EndProject
Global
	GlobalSection(SolutionConfigurationPlatforms) = preSolution
		Debug|Any CPU = Debug|Any CPU
		Release|Any CPU = Release|Any CPU
	EndGlobalSection
	GlobalSection(ProjectConfigurationPlatforms) = postSolution
		{54C1CB66-7480-4857-8CDA-4FDA8FADCF48}.Debug|Any CPU.ActiveCfg = Debug|Any CPU
		{54C1CB66-7480-4857-8CDA-4FDA8FADCF48}.Debug|Any CPU.Build.0 = Debug|Any CPU
		{54C1CB66-7480-4857-8CDA-4FDA8FADCF48}.Release|Any CPU.ActiveCfg = Release|Any CPU
		{54C1CB66-7480-4857-8CDA-4FDA8FADCF48}.Release|Any CPU.Build.0 = Release|Any CPU
	EndGlobalSection
	GlobalSection(SolutionProperties) = preSolution
		HideSolutionNode = FALSE
	EndGlobalSection
EndGlobal
